
Microsoft Visual Studio Solution File, Format Version 12.00
# Visual Studio Version 17
VisualStudioVersion = 17.6.33712.159
MinimumVisualStudioVersion = 10.0.40219.1
Project("{FAE04EC0-301F-11D3-BF4B-00C04F79EFBC}") = "BookStore", "BookStore\BookStore.csproj", "{6F083228-DA17-4342-8D5F-FE6CA763E661}"
EndProject
Project("{FAE04EC0-301F-11D3-BF4B-00C04F79EFBC}") = "FinalProjectLibrary", "FinalProjectLibrary\FinalProjectLibrary.csproj", "{C22031C2-23C0-41AA-8EF2-9A31C051D277}"
EndProject
Global
	GlobalSection(SolutionConfigurationPlatforms) = preSolution
		Debug|Any CPU = Debug|Any CPU
		Release|Any CPU = Release|Any CPU
	EndGlobalSection
	GlobalSection(ProjectConfigurationPlatforms) = postSolution
		{6F083228-DA17-4342-8D5F-FE6CA763E661}.Debug|Any CPU.ActiveCfg = Debug|Any CPU
		{6F083228-DA17-4342-8D5F-FE6CA763E661}.Debug|Any CPU.Build.0 = Debug|Any CPU
		{6F083228-DA17-4342-8D5F-FE6CA763E661}.Release|Any CPU.ActiveCfg = Release|Any CPU
		{6F083228-DA17-4342-8D5F-FE6CA763E661}.Release|Any CPU.Build.0 = Release|Any CPU
		{C22031C2-23C0-41AA-8EF2-9A31C051D277}.Debug|Any CPU.ActiveCfg = Debug|Any CPU
		{C22031C2-23C0-41AA-8EF2-9A31C051D277}.Debug|Any CPU.Build.0 = Debug|Any CPU
		{C22031C2-23C0-41AA-8EF2-9A31C051D277}.Release|Any CPU.ActiveCfg = Release|Any CPU
		{C22031C2-23C0-41AA-8EF2-9A31C051D277}.Release|Any CPU.Build.0 = Release|Any CPU
	EndGlobalSection
	GlobalSection(SolutionProperties) = preSolution
		HideSolutionNode = FALSE
	EndGlobalSection
	GlobalSection(ExtensibilityGlobals) = postSolution
		SolutionGuid = {94E31B9C-AE82-4432-B837-7820BD3C5D30}
	EndGlobalSection
EndGlobal
